
Microsoft Visual Studio Solution File, Format Version 12.00
# Visual Studio Version 17
VisualStudioVersion = 17.5.33502.453
MinimumVisualStudioVersion = 10.0.40219.1
Project("{9A19103F-16F7-4668-BE54-9A1E7A4F7556}") = "WebParking", "WebParking\WebParking.csproj", "{E20AD5B6-146D-4679-B967-22BC9F5076A0}"
EndProject
Project("{9A19103F-16F7-4668-BE54-9A1E7A4F7556}") = "WebParking.Data", "WebParking.Data\WebParking.Data.csproj", "{1C3CD5A0-428B-4E27-83F3-4EAF6717FA3D}"
EndProject
Project("{FAE04EC0-301F-11D3-BF4B-00C04F79EFBC}") = "WebParking.Service", "WebParking.Service\WebParking.Service.csproj", "{0E5BC5A0-BE53-4BB9-98B4-1D5CFA574945}"
EndProject
Global
	GlobalSection(SolutionConfigurationPlatforms) = preSolution
		Debug|Any CPU = Debug|Any CPU
		Release|Any CPU = Release|Any CPU
	EndGlobalSection
	GlobalSection(ProjectConfigurationPlatforms) = postSolution
		{E20AD5B6-146D-4679-B967-22BC9F5076A0}.Debug|Any CPU.ActiveCfg = Debug|Any CPU
		{E20AD5B6-146D-4679-B967-22BC9F5076A0}.Debug|Any CPU.Build.0 = Debug|Any CPU
		{E20AD5B6-146D-4679-B967-22BC9F5076A0}.Release|Any CPU.ActiveCfg = Release|Any CPU
		{E20AD5B6-146D-4679-B967-22BC9F5076A0}.Release|Any CPU.Build.0 = Release|Any CPU
		{1C3CD5A0-428B-4E27-83F3-4EAF6717FA3D}.Debug|Any CPU.ActiveCfg = Debug|Any CPU
		{1C3CD5A0-428B-4E27-83F3-4EAF6717FA3D}.Debug|Any CPU.Build.0 = Debug|Any CPU
		{1C3CD5A0-428B-4E27-83F3-4EAF6717FA3D}.Release|Any CPU.ActiveCfg = Release|Any CPU
		{1C3CD5A0-428B-4E27-83F3-4EAF6717FA3D}.Release|Any CPU.Build.0 = Release|Any CPU
		{0E5BC5A0-BE53-4BB9-98B4-1D5CFA574945}.Debug|Any CPU.ActiveCfg = Debug|Any CPU
		{0E5BC5A0-BE53-4BB9-98B4-1D5CFA574945}.Debug|Any CPU.Build.0 = Debug|Any CPU
		{0E5BC5A0-BE53-4BB9-98B4-1D5CFA574945}.Release|Any CPU.ActiveCfg = Release|Any CPU
		{0E5BC5A0-BE53-4BB9-98B4-1D5CFA574945}.Release|Any CPU.Build.0 = Release|Any CPU
	EndGlobalSection
	GlobalSection(SolutionProperties) = preSolution
		HideSolutionNode = FALSE
	EndGlobalSection
	GlobalSection(ExtensibilityGlobals) = postSolution
		SolutionGuid = {64C130EA-767C-49D9-B81B-F9BF914EDCCA}
	EndGlobalSection
EndGlobal
